// !$*UTF8*$!
{
	archiveVersion = 1;
	classes = {
	};
	objectVersion = 50;
	objects = {

/* Begin PBXBuildFile section */
		BBC87A5C2637512200EEDD43 /* CalculatorBrain.swift in Sources */ = {isa = PBXBuildFile; fileRef = BBC87A5B2637512200EEDD43 /* CalculatorBrain.swift */; };
		BBC87A6026375C2500EEDD43 /* BMI.swift in Sources */ = {isa = PBXBuildFile; fileRef = BBC87A5F26375C2500EEDD43 /* BMI.swift */; };
		BBE10A702636AFCC00A121DE /* AppDelegate.swift in Sources */ = {isa = PBXBuildFile; fileRef = BBE10A6F2636AFCC00A121DE /* AppDelegate.swift */; };
		BBE10A722636AFCC00A121DE /* SceneDelegate.swift in Sources */ = {isa = PBXBuildFile; fileRef = BBE10A712636AFCC00A121DE /* SceneDelegate.swift */; };
		BBE10A742636AFCC00A121DE /* CalculateViewController.swift in Sources */ = {isa = PBXBuildFile; fileRef = BBE10A732636AFCC00A121DE /* CalculateViewController.swift */; };
		BBE10A772636AFCC00A121DE /* Main.storyboard in Resources */ = {isa = PBXBuildFile; fileRef = BBE10A752636AFCC00A121DE /* Main.storyboard */; };
		BBE10A792636AFCD00A121DE /* Assets.xcassets in Resources */ = {isa = PBXBuildFile; fileRef = BBE10A782636AFCD00A121DE /* Assets.xcassets */; };
		BBE10A7C2636AFCD00A121DE /* LaunchScreen.storyboard in Resources */ = {isa = PBXBuildFile; fileRef = BBE10A7A2636AFCD00A121DE /* LaunchScreen.storyboard */; };
		BBE10A8B2636F46700A121DE /* ResultViewController.swift in Sources */ = {isa = PBXBuildFile; fileRef = BBE10A8A2636F46700A121DE /* ResultViewController.swift */; };
/* End PBXBuildFile section */

/* Begin PBXFileReference section */
		BBC87A5B2637512200EEDD43 /* CalculatorBrain.swift */ = {isa = PBXFileReference; lastKnownFileType = sourcecode.swift; path = CalculatorBrain.swift; sourceTree = "<group>"; };
		BBC87A5F26375C2500EEDD43 /* BMI.swift */ = {isa = PBXFileReference; lastKnownFileType = sourcecode.swift; path = BMI.swift; sourceTree = "<group>"; };
		BBE10A6C2636AFCC00A121DE /* BMI-Calculator.app */ = {isa = PBXFileReference; explicitFileType = wrapper.application; includeInIndex = 0; path = "BMI-Calculator.app"; sourceTree = BUILT_PRODUCTS_DIR; };
		BBE10A6F2636AFCC00A121DE /* AppDelegate.swift */ = {isa = PBXFileReference; lastKnownFileType = sourcecode.swift; path = AppDelegate.swift; sourceTree = "<group>"; };
		BBE10A712636AFCC00A121DE /* SceneDelegate.swift */ = {isa = PBXFileReference; lastKnownFileType = sourcecode.swift; path = SceneDelegate.swift; sourceTree = "<group>"; };
		BBE10A732636AFCC00A121DE /* CalculateViewController.swift */ = {isa = PBXFileReference; lastKnownFileType = sourcecode.swift; path = CalculateViewController.swift; sourceTree = "<group>"; };
		BBE10A762636AFCC00A121DE /* Base */ = {isa = PBXFileReference; lastKnownFileType = file.storyboard; name = Base; path = Base.lproj/Main.storyboard; sourceTree = "<group>"; };
		BBE10A782636AFCD00A121DE /* Assets.xcassets */ = {isa = PBXFileReference; lastKnownFileType = folder.assetcatalog; path = Assets.xcassets; sourceTree = "<group>"; };
		BBE10A7B2636AFCD00A121DE /* Base */ = {isa = PBXFileReference; lastKnownFileType = file.storyboard; name = Base; path = Base.lproj/LaunchScreen.storyboard; sourceTree = "<group>"; };
		BBE10A7D2636AFCD00A121DE /* Info.plist */ = {isa = PBXFileReference; lastKnownFileType = text.plist.xml; path = Info.plist; sourceTree = "<group>"; };
		BBE10A8A2636F46700A121DE /* ResultViewController.swift */ = {isa = PBXFileReference; lastKnownFileType = sourcecode.swift; path = ResultViewController.swift; sourceTree = "<group>"; };
/* End PBXFileReference section */

/* Begin PBXFrameworksBuildPhase section */
		BBE10A692636AFCC00A121DE /* Frameworks */ = {
			isa = PBXFrameworksBuildPhase;
			buildActionMask = 2147483647;
			files = (
			);
			runOnlyForDeploymentPostprocessing = 0;
		};
/* End PBXFrameworksBuildPhase section */

/* Begin PBXGroup section */
		BBE10A632636AFCC00A121DE = {
			isa = PBXGroup;
			children = (
				BBE10A6E2636AFCC00A121DE /* BMI-Calculator */,
				BBE10A6D2636AFCC00A121DE /* Products */,
			);
			sourceTree = "<group>";
		};
		BBE10A6D2636AFCC00A121DE /* Products */ = {
			isa = PBXGroup;
			children = (
				BBE10A6C2636AFCC00A121DE /* BMI-Calculator.app */,
			);
			name = Products;
			sourceTree = "<group>";
		};
		BBE10A6E2636AFCC00A121DE /* BMI-Calculator */ = {
			isa = PBXGroup;
			children = (
				BBE10A6F2636AFCC00A121DE /* AppDelegate.swift */,
				BBE10A712636AFCC00A121DE /* SceneDelegate.swift */,
				BBE10A882636DEBF00A121DE /* Model */,
				BBE10A852636DEAC00A121DE /* View */,
				BBE10A862636DEB700A121DE /* Controller */,
				BBE10A782636AFCD00A121DE /* Assets.xcassets */,
				BBE10A7A2636AFCD00A121DE /* LaunchScreen.storyboard */,
				BBE10A7D2636AFCD00A121DE /* Info.plist */,
			);
			path = "BMI-Calculator";
			sourceTree = "<group>";
		};
		BBE10A852636DEAC00A121DE /* View */ = {
			isa = PBXGroup;
			children = (
				BBE10A752636AFCC00A121DE /* Main.storyboard */,
			);
			path = View;
			sourceTree = "<group>";
		};
		BBE10A862636DEB700A121DE /* Controller */ = {
			isa = PBXGroup;
			children = (
				BBE10A732636AFCC00A121DE /* CalculateViewController.swift */,
				BBE10A8A2636F46700A121DE /* ResultViewController.swift */,
			);
			path = Controller;
			sourceTree = "<group>";
		};
		BBE10A882636DEBF00A121DE /* Model */ = {
			isa = PBXGroup;
			children = (
				BBC87A5B2637512200EEDD43 /* CalculatorBrain.swift */,
				BBC87A5F26375C2500EEDD43 /* BMI.swift */,
			);
			path = Model;
			sourceTree = "<group>";
		};
/* End PBXGroup section */

/* Begin PBXNativeTarget section */
		BBE10A6B2636AFCC00A121DE /* BMI-Calculator */ = {
			isa = PBXNativeTarget;
			buildConfigurationList = BBE10A802636AFCD00A121DE /* Build configuration list for PBXNativeTarget "BMI-Calculator" */;
			buildPhases = (
				BBE10A682636AFCC00A121DE /* Sources */,
				BBE10A692636AFCC00A121DE /* Frameworks */,
				BBE10A6A2636AFCC00A121DE /* Resources */,
			);
			buildRules = (
			);
			dependencies = (
			);
			name = "BMI-Calculator";
			productName = "BMI-Calculator";
			productReference = BBE10A6C2636AFCC00A121DE /* BMI-Calculator.app */;
			productType = "com.apple.product-type.application";
		};
/* End PBXNativeTarget section */

/* Begin PBXProject section */
		BBE10A642636AFCC00A121DE /* Project object */ = {
			isa = PBXProject;
			attributes = {
				LastSwiftUpdateCheck = 1230;
				LastUpgradeCheck = 1230;
				TargetAttributes = {
					BBE10A6B2636AFCC00A121DE = {
						CreatedOnToolsVersion = 12.3;
					};
				};
			};
			buildConfigurationList = BBE10A672636AFCC00A121DE /* Build configuration list for PBXProject "BMI-Calculator" */;
			compatibilityVersion = "Xcode 9.3";
			developmentRegion = en;
			hasScannedForEncodings = 0;
			knownRegions = (
				en,
				Base,
			);
			mainGroup = BBE10A632636AFCC00A121DE;
			productRefGroup = BBE10A6D2636AFCC00A121DE /* Products */;
			projectDirPath = "";
			projectRoot = "";
			targets = (
				BBE10A6B2636AFCC00A121DE /* BMI-Calculator */,
			);
		};
/* End PBXProject section */

/* Begin PBXResourcesBuildPhase section */
		BBE10A6A2636AFCC00A121DE /* Resources */ = {
			isa = PBXResourcesBuildPhase;
			buildActionMask = 2147483647;
			files = (
				BBE10A7C2636AFCD00A121DE /* LaunchScreen.storyboard in Resources */,
				BBE10A792636AFCD00A121DE /* Assets.xcassets in Resources */,
				BBE10A772636AFCC00A121DE /* Main.storyboard in Resources */,
			);
			runOnlyForDeploymentPostprocessing = 0;
		};
/* End PBXResourcesBuildPhase section */

/* Begin PBXSourcesBuildPhase section */
		BBE10A682636AFCC00A121DE /* Sources */ = {
			isa = PBXSourcesBuildPhase;
			buildActionMask = 2147483647;
			files = (
				BBE10A742636AFCC00A121DE /* CalculateViewController.swift in Sources */,
				BBE10A702636AFCC00A121DE /* AppDelegate.swift in Sources */,
				BBE10A722636AFCC00A121DE /* SceneDelegate.swift in Sources */,
				BBC87A5C2637512200EEDD43 /* CalculatorBrain.swift in Sources */,
				BBC87A6026375C2500EEDD43 /* BMI.swift in Sources */,
				BBE10A8B2636F46700A121DE /* ResultViewController.swift in Sources */,
			);
			runOnlyForDeploymentPostprocessing = 0;
		};
/* End PBXSourcesBuildPhase section */

/* Begin PBXVariantGroup section */
		BBE10A752636AFCC00A121DE /* Main.storyboard */ = {
			isa = PBXVariantGroup;
			children = (
				BBE10A762636AFCC00A121DE /* Base */,
			);
			name = Main.storyboard;
			sourceTree = "<group>";
		};
		BBE10A7A2636AFCD00A121DE /* LaunchScreen.storyboard */ = {
			isa = PBXVariantGroup;
			children = (
				BBE10A7B2636AFCD00A121DE /* Base */,
			);
			name = LaunchScreen.storyboard;
			sourceTree = "<group>";
		};
/* End PBXVariantGroup section */

/* Begin XCBuildConfiguration section */
		BBE10A7E2636AFCD00A121DE /* Debug */ = {
			isa = XCBuildConfiguration;
			buildSettings = {
				ALWAYS_SEARCH_USER_PATHS = NO;
				CLANG_ANALYZER_NONNULL = YES;
				CLANG_ANALYZER_NUMBER_OBJECT_CONVERSION = YES_AGGRESSIVE;
				CLANG_CXX_LANGUAGE_STANDARD = "gnu++14";
				CLANG_CXX_LIBRARY = "libc++";
				CLANG_ENABLE_MODULES = YES;
				CLANG_ENABLE_OBJC_ARC = YES;
				CLANG_ENABLE_OBJC_WEAK = YES;
				CLANG_WARN_BLOCK_CAPTURE_AUTORELEASING = YES;
				CLANG_WARN_BOOL_CONVERSION = YES;
				CLANG_WARN_COMMA = YES;
				CLANG_WARN_CONSTANT_CONVERSION = YES;
				CLANG_WARN_DEPRECATED_OBJC_IMPLEMENTATIONS = YES;
				CLANG_WARN_DIRECT_OBJC_ISA_USAGE = YES_ERROR;
				CLANG_WARN_DOCUMENTATION_COMMENTS = YES;
				CLANG_WARN_EMPTY_BODY = YES;
				CLANG_WARN_ENUM_CONVERSION = YES;
				CLANG_WARN_INFINITE_RECURSION = YES;
				CLANG_WARN_INT_CONVERSION = YES;
				CLANG_WARN_NON_LITERAL_NULL_CONVERSION = YES;
				CLANG_WARN_OBJC_IMPLICIT_RETAIN_SELF = YES;
				CLANG_WARN_OBJC_LITERAL_CONVERSION = YES;
				CLANG_WARN_OBJC_ROOT_CLASS = YES_ERROR;
				CLANG_WARN_QUOTED_INCLUDE_IN_FRAMEWORK_HEADER = YES;
				CLANG_WARN_RANGE_LOOP_ANALYSIS = YES;
				CLANG_WARN_STRICT_PROTOTYPES = YES;
				CLANG_WARN_SUSPICIOUS_MOVE = YES;
				CLANG_WARN_UNGUARDED_AVAILABILITY = YES_AGGRESSIVE;
				CLANG_WARN_UNREACHABLE_CODE = YES;
				CLANG_WARN__DUPLICATE_METHOD_MATCH = YES;
				COPY_PHASE_STRIP = NO;
				DEBUG_INFORMATION_FORMAT = dwarf;
				ENABLE_STRICT_OBJC_MSGSEND = YES;
				ENABLE_TESTABILITY = YES;
				GCC_C_LANGUAGE_STANDARD = gnu11;
				GCC_DYNAMIC_NO_PIC = NO;
				GCC_NO_COMMON_BLOCKS = YES;
				GCC_OPTIMIZATION_LEVEL = 0;
				GCC_PREPROCESSOR_DEFINITIONS = (
					"DEBUG=1",
					"$(inherited)",
				);
				GCC_WARN_64_TO_32_BIT_CONVERSION = YES;
				GCC_WARN_ABOUT_RETURN_TYPE = YES_ERROR;
				GCC_WARN_UNDECLARED_SELECTOR = YES;
				GCC_WARN_UNINITIALIZED_AUTOS = YES_AGGRESSIVE;
				GCC_WARN_UNUSED_FUNCTION = YES;
				GCC_WARN_UNUSED_VARIABLE = YES;
				IPHONEOS_DEPLOYMENT_TARGET = 14.3;
				MTL_ENABLE_DEBUG_INFO = INCLUDE_SOURCE;
				MTL_FAST_MATH = YES;
				ONLY_ACTIVE_ARCH = YES;
				SDKROOT = iphoneos;
				SWIFT_ACTIVE_COMPILATION_CONDITIONS = DEBUG;
				SWIFT_OPTIMIZATION_LEVEL = "-Onone";
			};
			name = Debug;
		};
		BBE10A7F2636AFCD00A121DE /* Release */ = {
			isa = XCBuildConfiguration;
			buildSettings = {
				ALWAYS_SEARCH_USER_PATHS = NO;
				CLANG_ANALYZER_NONNULL = YES;
				CLANG_ANALYZER_NUMBER_OBJECT_CONVERSION = YES_AGGRESSIVE;
				CLANG_CXX_LANGUAGE_STANDARD = "gnu++14";
				CLANG_CXX_LIBRARY = "libc++";
				CLANG_ENABLE_MODULES = YES;
				CLANG_ENABLE_OBJC_ARC = YES;
				CLANG_ENABLE_OBJC_WEAK = YES;
				CLANG_WARN_BLOCK_CAPTURE_AUTORELEASING = YES;
				CLANG_WARN_BOOL_CONVERSION = YES;
				CLANG_WARN_COMMA = YES;
				CLANG_WARN_CONSTANT_CONVERSION = YES;
				CLANG_WARN_DEPRECATED_OBJC_IMPLEMENTATIONS = YES;
				CLANG_WARN_DIRECT_OBJC_ISA_USAGE = YES_ERROR;
				CLANG_WARN_DOCUMENTATION_COMMENTS = YES;
				CLANG_WARN_EMPTY_BODY = YES;
				CLANG_WARN_ENUM_CONVERSION = YES;
				CLANG_WARN_INFINITE_RECURSION = YES;
				CLANG_WARN_INT_CONVERSION = YES;
				CLANG_WARN_NON_LITERAL_NULL_CONVERSION = YES;
				CLANG_WARN_OBJC_IMPLICIT_RETAIN_SELF = YES;
				CLANG_WARN_OBJC_LITERAL_CONVERSION = YES;
				CLANG_WARN_OBJC_ROOT_CLASS = YES_ERROR;
				CLANG_WARN_QUOTED_INCLUDE_IN_FRAMEWORK_HEADER = YES;
				CLANG_WARN_RANGE_LOOP_ANALYSIS = YES;
				CLANG_WARN_STRICT_PROTOTYPES = YES;
				CLANG_WARN_SUSPICIOUS_MOVE = YES;
				CLANG_WARN_UNGUARDED_AVAILABILITY = YES_AGGRESSIVE;
				CLANG_WARN_UNREACHABLE_CODE = YES;
				CLANG_WARN__DUPLICATE_METHOD_MATCH = YES;
				COPY_PHASE_STRIP = NO;
				DEBUG_INFORMATION_FORMAT = "dwarf-with-dsym";
				ENABLE_NS_ASSERTIONS = NO;
				ENABLE_STRICT_OBJC_MSGSEND = YES;
				GCC_C_LANGUAGE_STANDARD = gnu11;
				GCC_NO_COMMON_BLOCKS = YES;
				GCC_WARN_64_TO_32_BIT_CONVERSION = YES;
				GCC_WARN_ABOUT_RETURN_TYPE = YES_ERROR;
				GCC_WARN_UNDECLARED_SELECTOR = YES;
				GCC_WARN_UNINITIALIZED_AUTOS = YES_AGGRESSIVE;
				GCC_WARN_UNUSED_FUNCTION = YES;
				GCC_WARN_UNUSED_VARIABLE = YES;
				IPHONEOS_DEPLOYMENT_TARGET = 14.3;
				MTL_ENABLE_DEBUG_INFO = NO;
				MTL_FAST_MATH = YES;
				SDKROOT = iphoneos;
				SWIFT_COMPILATION_MODE = wholemodule;
				SWIFT_OPTIMIZATION_LEVEL = "-O";
				VALIDATE_PRODUCT = YES;
			};
			name = Release;
		};
		BBE10A812636AFCD00A121DE /* Debug */ = {
			isa = XCBuildConfiguration;
			buildSettings = {
				ASSETCATALOG_COMPILER_APPICON_NAME = AppIcon;
				ASSETCATALOG_COMPILER_GLOBAL_ACCENT_COLOR_NAME = AccentColor;
				CODE_SIGN_STYLE = Automatic;
				DEVELOPMENT_TEAM = 9U2BQ8RU3L;
				INFOPLIST_FILE = "BMI-Calculator/Info.plist";
				LD_RUNPATH_SEARCH_PATHS = (
					"$(inherited)",
					"@executable_path/Frameworks",
				);
				PRODUCT_BUNDLE_IDENTIFIER = "ilgamfa.BMI-Calculator";
				PRODUCT_NAME = "$(TARGET_NAME)";
				SWIFT_VERSION = 5.0;
				TARGETED_DEVICE_FAMILY = 1;
			};
			name = Debug;
		};
		BBE10A822636AFCD00A121DE /* Release */ = {
			isa = XCBuildConfiguration;
			buildSettings = {
				ASSETCATALOG_COMPILER_APPICON_NAME = AppIcon;
				ASSETCATALOG_COMPILER_GLOBAL_ACCENT_COLOR_NAME = AccentColor;
				CODE_SIGN_STYLE = Automatic;
				DEVELOPMENT_TEAM = 9U2BQ8RU3L;
				INFOPLIST_FILE = "BMI-Calculator/Info.plist";
				LD_RUNPATH_SEARCH_PATHS = (
					"$(inherited)",
					"@executable_path/Frameworks",
				);
				PRODUCT_BUNDLE_IDENTIFIER = "ilgamfa.BMI-Calculator";
				PRODUCT_NAME = "$(TARGET_NAME)";
				SWIFT_VERSION = 5.0;
				TARGETED_DEVICE_FAMILY = 1;
			};
			name = Release;
		};
/* End XCBuildConfiguration section */

/* Begin XCConfigurationList section */
		BBE10A672636AFCC00A121DE /* Build configuration list for PBXProject "BMI-Calculator" */ = {
			isa = XCConfigurationList;
			buildConfigurations = (
				BBE10A7E2636AFCD00A121DE /* Debug */,
				BBE10A7F2636AFCD00A121DE /* Release */,
			);
			defaultConfigurationIsVisible = 0;
			defaultConfigurationName = Release;
		};
		BBE10A802636AFCD00A121DE /* Build configuration list for PBXNativeTarget "BMI-Calculator" */ = {
			isa = XCConfigurationList;
			buildConfigurations = (
				BBE10A812636AFCD00A121DE /* Debug */,
				BBE10A822636AFCD00A121DE /* Release */,
			);
			defaultConfigurationIsVisible = 0;
			defaultConfigurationName = Release;
		};
/* End XCConfigurationList section */
	};
	rootObject = BBE10A642636AFCC00A121DE /* Project object */;
}
