// !$*UTF8*$!
{
	archiveVersion = 1;
	classes = {
	};
	objectVersion = 50;
	objects = {

/* Begin PBXBuildFile section */
		BB3D7A0125D931BA00D26C86 /* AppDelegate.swift in Sources */ = {isa = PBXBuildFile; fileRef = BB3D7A0025D931BA00D26C86 /* AppDelegate.swift */; };
		BB3D7A0325D931BA00D26C86 /* SceneDelegate.swift in Sources */ = {isa = PBXBuildFile; fileRef = BB3D7A0225D931BA00D26C86 /* SceneDelegate.swift */; };
		BB3D7A0525D931BA00D26C86 /* ViewController.swift in Sources */ = {isa = PBXBuildFile; fileRef = BB3D7A0425D931BA00D26C86 /* ViewController.swift */; };
		BB3D7A0825D931BA00D26C86 /* Main.storyboard in Resources */ = {isa = PBXBuildFile; fileRef = BB3D7A0625D931BA00D26C86 /* Main.storyboard */; };
		BB3D7A0A25D931BC00D26C86 /* Assets.xcassets in Resources */ = {isa = PBXBuildFile; fileRef = BB3D7A0925D931BC00D26C86 /* Assets.xcassets */; };
		BB3D7A0D25D931BC00D26C86 /* LaunchScreen.storyboard in Resources */ = {isa = PBXBuildFile; fileRef = BB3D7A0B25D931BC00D26C86 /* LaunchScreen.storyboard */; };
		BB3D7A1625D931E300D26C86 /* EntryViewController.swift in Sources */ = {isa = PBXBuildFile; fileRef = BB3D7A1525D931E300D26C86 /* EntryViewController.swift */; };
		BB3D7A1D25D9396500D26C86 /* NoteViewController.swift in Sources */ = {isa = PBXBuildFile; fileRef = BB3D7A1C25D9396500D26C86 /* NoteViewController.swift */; };
/* End PBXBuildFile section */

/* Begin PBXFileReference section */
		BB3D79FD25D931BA00D26C86 /* myNotes.app */ = {isa = PBXFileReference; explicitFileType = wrapper.application; includeInIndex = 0; path = myNotes.app; sourceTree = BUILT_PRODUCTS_DIR; };
		BB3D7A0025D931BA00D26C86 /* AppDelegate.swift */ = {isa = PBXFileReference; lastKnownFileType = sourcecode.swift; path = AppDelegate.swift; sourceTree = "<group>"; };
		BB3D7A0225D931BA00D26C86 /* SceneDelegate.swift */ = {isa = PBXFileReference; lastKnownFileType = sourcecode.swift; path = SceneDelegate.swift; sourceTree = "<group>"; };
		BB3D7A0425D931BA00D26C86 /* ViewController.swift */ = {isa = PBXFileReference; lastKnownFileType = sourcecode.swift; path = ViewController.swift; sourceTree = "<group>"; };
		BB3D7A0725D931BA00D26C86 /* Base */ = {isa = PBXFileReference; lastKnownFileType = file.storyboard; name = Base; path = Base.lproj/Main.storyboard; sourceTree = "<group>"; };
		BB3D7A0925D931BC00D26C86 /* Assets.xcassets */ = {isa = PBXFileReference; lastKnownFileType = folder.assetcatalog; path = Assets.xcassets; sourceTree = "<group>"; };
		BB3D7A0C25D931BC00D26C86 /* Base */ = {isa = PBXFileReference; lastKnownFileType = file.storyboard; name = Base; path = Base.lproj/LaunchScreen.storyboard; sourceTree = "<group>"; };
		BB3D7A0E25D931BC00D26C86 /* Info.plist */ = {isa = PBXFileReference; lastKnownFileType = text.plist.xml; path = Info.plist; sourceTree = "<group>"; };
		BB3D7A1525D931E300D26C86 /* EntryViewController.swift */ = {isa = PBXFileReference; lastKnownFileType = sourcecode.swift; path = EntryViewController.swift; sourceTree = "<group>"; };
		BB3D7A1C25D9396500D26C86 /* NoteViewController.swift */ = {isa = PBXFileReference; lastKnownFileType = sourcecode.swift; path = NoteViewController.swift; sourceTree = "<group>"; };
/* End PBXFileReference section */

/* Begin PBXFrameworksBuildPhase section */
		BB3D79FA25D931BA00D26C86 /* Frameworks */ = {
			isa = PBXFrameworksBuildPhase;
			buildActionMask = 2147483647;
			files = (
			);
			runOnlyForDeploymentPostprocessing = 0;
		};
/* End PBXFrameworksBuildPhase section */

/* Begin PBXGroup section */
		BB3D79F425D931BA00D26C86 = {
			isa = PBXGroup;
			children = (
				BB3D79FF25D931BA00D26C86 /* myNotes */,
				BB3D79FE25D931BA00D26C86 /* Products */,
			);
			sourceTree = "<group>";
		};
		BB3D79FE25D931BA00D26C86 /* Products */ = {
			isa = PBXGroup;
			children = (
				BB3D79FD25D931BA00D26C86 /* myNotes.app */,
			);
			name = Products;
			sourceTree = "<group>";
		};
		BB3D79FF25D931BA00D26C86 /* myNotes */ = {
			isa = PBXGroup;
			children = (
				BB3D7A0025D931BA00D26C86 /* AppDelegate.swift */,
				BB3D7A0225D931BA00D26C86 /* SceneDelegate.swift */,
				BB3D7A0425D931BA00D26C86 /* ViewController.swift */,
				BB3D7A0625D931BA00D26C86 /* Main.storyboard */,
				BB3D7A0925D931BC00D26C86 /* Assets.xcassets */,
				BB3D7A0B25D931BC00D26C86 /* LaunchScreen.storyboard */,
				BB3D7A0E25D931BC00D26C86 /* Info.plist */,
				BB3D7A1525D931E300D26C86 /* EntryViewController.swift */,
				BB3D7A1C25D9396500D26C86 /* NoteViewController.swift */,
			);
			path = myNotes;
			sourceTree = "<group>";
		};
/* End PBXGroup section */

/* Begin PBXNativeTarget section */
		BB3D79FC25D931BA00D26C86 /* myNotes */ = {
			isa = PBXNativeTarget;
			buildConfigurationList = BB3D7A1125D931BC00D26C86 /* Build configuration list for PBXNativeTarget "myNotes" */;
			buildPhases = (
				BB3D79F925D931BA00D26C86 /* Sources */,
				BB3D79FA25D931BA00D26C86 /* Frameworks */,
				BB3D79FB25D931BA00D26C86 /* Resources */,
			);
			buildRules = (
			);
			dependencies = (
			);
			name = myNotes;
			productName = myNotes;
			productReference = BB3D79FD25D931BA00D26C86 /* myNotes.app */;
			productType = "com.apple.product-type.application";
		};
/* End PBXNativeTarget section */

/* Begin PBXProject section */
		BB3D79F525D931BA00D26C86 /* Project object */ = {
			isa = PBXProject;
			attributes = {
				LastSwiftUpdateCheck = 1230;
				LastUpgradeCheck = 1230;
				TargetAttributes = {
					BB3D79FC25D931BA00D26C86 = {
						CreatedOnToolsVersion = 12.3;
					};
				};
			};
			buildConfigurationList = BB3D79F825D931BA00D26C86 /* Build configuration list for PBXProject "myNotes" */;
			compatibilityVersion = "Xcode 9.3";
			developmentRegion = en;
			hasScannedForEncodings = 0;
			knownRegions = (
				en,
				Base,
			);
			mainGroup = BB3D79F425D931BA00D26C86;
			productRefGroup = BB3D79FE25D931BA00D26C86 /* Products */;
			projectDirPath = "";
			projectRoot = "";
			targets = (
				BB3D79FC25D931BA00D26C86 /* myNotes */,
			);
		};
/* End PBXProject section */

/* Begin PBXResourcesBuildPhase section */
		BB3D79FB25D931BA00D26C86 /* Resources */ = {
			isa = PBXResourcesBuildPhase;
			buildActionMask = 2147483647;
			files = (
				BB3D7A0D25D931BC00D26C86 /* LaunchScreen.storyboard in Resources */,
				BB3D7A0A25D931BC00D26C86 /* Assets.xcassets in Resources */,
				BB3D7A0825D931BA00D26C86 /* Main.storyboard in Resources */,
			);
			runOnlyForDeploymentPostprocessing = 0;
		};
/* End PBXResourcesBuildPhase section */

/* Begin PBXSourcesBuildPhase section */
		BB3D79F925D931BA00D26C86 /* Sources */ = {
			isa = PBXSourcesBuildPhase;
			buildActionMask = 2147483647;
			files = (
				BB3D7A0525D931BA00D26C86 /* ViewController.swift in Sources */,
				BB3D7A1625D931E300D26C86 /* EntryViewController.swift in Sources */,
				BB3D7A0125D931BA00D26C86 /* AppDelegate.swift in Sources */,
				BB3D7A1D25D9396500D26C86 /* NoteViewController.swift in Sources */,
				BB3D7A0325D931BA00D26C86 /* SceneDelegate.swift in Sources */,
			);
			runOnlyForDeploymentPostprocessing = 0;
		};
/* End PBXSourcesBuildPhase section */

/* Begin PBXVariantGroup section */
		BB3D7A0625D931BA00D26C86 /* Main.storyboard */ = {
			isa = PBXVariantGroup;
			children = (
				BB3D7A0725D931BA00D26C86 /* Base */,
			);
			name = Main.storyboard;
			sourceTree = "<group>";
		};
		BB3D7A0B25D931BC00D26C86 /* LaunchScreen.storyboard */ = {
			isa = PBXVariantGroup;
			children = (
				BB3D7A0C25D931BC00D26C86 /* Base */,
			);
			name = LaunchScreen.storyboard;
			sourceTree = "<group>";
		};
/* End PBXVariantGroup section */

/* Begin XCBuildConfiguration section */
		BB3D7A0F25D931BC00D26C86 /* Debug */ = {
			isa = XCBuildConfiguration;
			buildSettings = {
				ALWAYS_SEARCH_USER_PATHS = NO;
				CLANG_ANALYZER_NONNULL = YES;
				CLANG_ANALYZER_NUMBER_OBJECT_CONVERSION = YES_AGGRESSIVE;
				CLANG_CXX_LANGUAGE_STANDARD = "gnu++14";
				CLANG_CXX_LIBRARY = "libc++";
				CLANG_ENABLE_MODULES = YES;
				CLANG_ENABLE_OBJC_ARC = YES;
				CLANG_ENABLE_OBJC_WEAK = YES;
				CLANG_WARN_BLOCK_CAPTURE_AUTORELEASING = YES;
				CLANG_WARN_BOOL_CONVERSION = YES;
				CLANG_WARN_COMMA = YES;
				CLANG_WARN_CONSTANT_CONVERSION = YES;
				CLANG_WARN_DEPRECATED_OBJC_IMPLEMENTATIONS = YES;
				CLANG_WARN_DIRECT_OBJC_ISA_USAGE = YES_ERROR;
				CLANG_WARN_DOCUMENTATION_COMMENTS = YES;
				CLANG_WARN_EMPTY_BODY = YES;
				CLANG_WARN_ENUM_CONVERSION = YES;
				CLANG_WARN_INFINITE_RECURSION = YES;
				CLANG_WARN_INT_CONVERSION = YES;
				CLANG_WARN_NON_LITERAL_NULL_CONVERSION = YES;
				CLANG_WARN_OBJC_IMPLICIT_RETAIN_SELF = YES;
				CLANG_WARN_OBJC_LITERAL_CONVERSION = YES;
				CLANG_WARN_OBJC_ROOT_CLASS = YES_ERROR;
				CLANG_WARN_QUOTED_INCLUDE_IN_FRAMEWORK_HEADER = YES;
				CLANG_WARN_RANGE_LOOP_ANALYSIS = YES;
				CLANG_WARN_STRICT_PROTOTYPES = YES;
				CLANG_WARN_SUSPICIOUS_MOVE = YES;
				CLANG_WARN_UNGUARDED_AVAILABILITY = YES_AGGRESSIVE;
				CLANG_WARN_UNREACHABLE_CODE = YES;
				CLANG_WARN__DUPLICATE_METHOD_MATCH = YES;
				COPY_PHASE_STRIP = NO;
				DEBUG_INFORMATION_FORMAT = dwarf;
				ENABLE_STRICT_OBJC_MSGSEND = YES;
				ENABLE_TESTABILITY = YES;
				GCC_C_LANGUAGE_STANDARD = gnu11;
				GCC_DYNAMIC_NO_PIC = NO;
				GCC_NO_COMMON_BLOCKS = YES;
				GCC_OPTIMIZATION_LEVEL = 0;
				GCC_PREPROCESSOR_DEFINITIONS = (
					"DEBUG=1",
					"$(inherited)",
				);
				GCC_WARN_64_TO_32_BIT_CONVERSION = YES;
				GCC_WARN_ABOUT_RETURN_TYPE = YES_ERROR;
				GCC_WARN_UNDECLARED_SELECTOR = YES;
				GCC_WARN_UNINITIALIZED_AUTOS = YES_AGGRESSIVE;
				GCC_WARN_UNUSED_FUNCTION = YES;
				GCC_WARN_UNUSED_VARIABLE = YES;
				IPHONEOS_DEPLOYMENT_TARGET = 14.3;
				MTL_ENABLE_DEBUG_INFO = INCLUDE_SOURCE;
				MTL_FAST_MATH = YES;
				ONLY_ACTIVE_ARCH = YES;
				SDKROOT = iphoneos;
				SWIFT_ACTIVE_COMPILATION_CONDITIONS = DEBUG;
				SWIFT_OPTIMIZATION_LEVEL = "-Onone";
			};
			name = Debug;
		};
		BB3D7A1025D931BC00D26C86 /* Release */ = {
			isa = XCBuildConfiguration;
			buildSettings = {
				ALWAYS_SEARCH_USER_PATHS = NO;
				CLANG_ANALYZER_NONNULL = YES;
				CLANG_ANALYZER_NUMBER_OBJECT_CONVERSION = YES_AGGRESSIVE;
				CLANG_CXX_LANGUAGE_STANDARD = "gnu++14";
				CLANG_CXX_LIBRARY = "libc++";
				CLANG_ENABLE_MODULES = YES;
				CLANG_ENABLE_OBJC_ARC = YES;
				CLANG_ENABLE_OBJC_WEAK = YES;
				CLANG_WARN_BLOCK_CAPTURE_AUTORELEASING = YES;
				CLANG_WARN_BOOL_CONVERSION = YES;
				CLANG_WARN_COMMA = YES;
				CLANG_WARN_CONSTANT_CONVERSION = YES;
				CLANG_WARN_DEPRECATED_OBJC_IMPLEMENTATIONS = YES;
				CLANG_WARN_DIRECT_OBJC_ISA_USAGE = YES_ERROR;
				CLANG_WARN_DOCUMENTATION_COMMENTS = YES;
				CLANG_WARN_EMPTY_BODY = YES;
				CLANG_WARN_ENUM_CONVERSION = YES;
				CLANG_WARN_INFINITE_RECURSION = YES;
				CLANG_WARN_INT_CONVERSION = YES;
				CLANG_WARN_NON_LITERAL_NULL_CONVERSION = YES;
				CLANG_WARN_OBJC_IMPLICIT_RETAIN_SELF = YES;
				CLANG_WARN_OBJC_LITERAL_CONVERSION = YES;
				CLANG_WARN_OBJC_ROOT_CLASS = YES_ERROR;
				CLANG_WARN_QUOTED_INCLUDE_IN_FRAMEWORK_HEADER = YES;
				CLANG_WARN_RANGE_LOOP_ANALYSIS = YES;
				CLANG_WARN_STRICT_PROTOTYPES = YES;
				CLANG_WARN_SUSPICIOUS_MOVE = YES;
				CLANG_WARN_UNGUARDED_AVAILABILITY = YES_AGGRESSIVE;
				CLANG_WARN_UNREACHABLE_CODE = YES;
				CLANG_WARN__DUPLICATE_METHOD_MATCH = YES;
				COPY_PHASE_STRIP = NO;
				DEBUG_INFORMATION_FORMAT = "dwarf-with-dsym";
				ENABLE_NS_ASSERTIONS = NO;
				ENABLE_STRICT_OBJC_MSGSEND = YES;
				GCC_C_LANGUAGE_STANDARD = gnu11;
				GCC_NO_COMMON_BLOCKS = YES;
				GCC_WARN_64_TO_32_BIT_CONVERSION = YES;
				GCC_WARN_ABOUT_RETURN_TYPE = YES_ERROR;
				GCC_WARN_UNDECLARED_SELECTOR = YES;
				GCC_WARN_UNINITIALIZED_AUTOS = YES_AGGRESSIVE;
				GCC_WARN_UNUSED_FUNCTION = YES;
				GCC_WARN_UNUSED_VARIABLE = YES;
				IPHONEOS_DEPLOYMENT_TARGET = 14.3;
				MTL_ENABLE_DEBUG_INFO = NO;
				MTL_FAST_MATH = YES;
				SDKROOT = iphoneos;
				SWIFT_COMPILATION_MODE = wholemodule;
				SWIFT_OPTIMIZATION_LEVEL = "-O";
				VALIDATE_PRODUCT = YES;
			};
			name = Release;
		};
		BB3D7A1225D931BC00D26C86 /* Debug */ = {
			isa = XCBuildConfiguration;
			buildSettings = {
				ASSETCATALOG_COMPILER_APPICON_NAME = AppIcon;
				ASSETCATALOG_COMPILER_GLOBAL_ACCENT_COLOR_NAME = AccentColor;
				CODE_SIGN_STYLE = Automatic;
				DEVELOPMENT_TEAM = 9U2BQ8RU3L;
				INFOPLIST_FILE = myNotes/Info.plist;
				LD_RUNPATH_SEARCH_PATHS = (
					"$(inherited)",
					"@executable_path/Frameworks",
				);
				PRODUCT_BUNDLE_IDENTIFIER = "local-prod.myNotes";
				PRODUCT_NAME = "$(TARGET_NAME)";
				SWIFT_VERSION = 5.0;
				TARGETED_DEVICE_FAMILY = "1,2";
			};
			name = Debug;
		};
		BB3D7A1325D931BC00D26C86 /* Release */ = {
			isa = XCBuildConfiguration;
			buildSettings = {
				ASSETCATALOG_COMPILER_APPICON_NAME = AppIcon;
				ASSETCATALOG_COMPILER_GLOBAL_ACCENT_COLOR_NAME = AccentColor;
				CODE_SIGN_STYLE = Automatic;
				DEVELOPMENT_TEAM = 9U2BQ8RU3L;
				INFOPLIST_FILE = myNotes/Info.plist;
				LD_RUNPATH_SEARCH_PATHS = (
					"$(inherited)",
					"@executable_path/Frameworks",
				);
				PRODUCT_BUNDLE_IDENTIFIER = "local-prod.myNotes";
				PRODUCT_NAME = "$(TARGET_NAME)";
				SWIFT_VERSION = 5.0;
				TARGETED_DEVICE_FAMILY = "1,2";
			};
			name = Release;
		};
/* End XCBuildConfiguration section */

/* Begin XCConfigurationList section */
		BB3D79F825D931BA00D26C86 /* Build configuration list for PBXProject "myNotes" */ = {
			isa = XCConfigurationList;
			buildConfigurations = (
				BB3D7A0F25D931BC00D26C86 /* Debug */,
				BB3D7A1025D931BC00D26C86 /* Release */,
			);
			defaultConfigurationIsVisible = 0;
			defaultConfigurationName = Release;
		};
		BB3D7A1125D931BC00D26C86 /* Build configuration list for PBXNativeTarget "myNotes" */ = {
			isa = XCConfigurationList;
			buildConfigurations = (
				BB3D7A1225D931BC00D26C86 /* Debug */,
				BB3D7A1325D931BC00D26C86 /* Release */,
			);
			defaultConfigurationIsVisible = 0;
			defaultConfigurationName = Release;
		};
/* End XCConfigurationList section */
	};
	rootObject = BB3D79F525D931BA00D26C86 /* Project object */;
}
