// !$*UTF8*$!
{
	archiveVersion = 1;
	classes = {
	};
	objectVersion = 50;
	objects = {

/* Begin PBXBuildFile section */
		BB7DE41625D8558E002D0BAE /* SettingsViewController.swift in Sources */ = {isa = PBXBuildFile; fileRef = BB7DE41525D8558E002D0BAE /* SettingsViewController.swift */; };
		BB7DE42625D8716D002D0BAE /* GreenViewController.swift in Sources */ = {isa = PBXBuildFile; fileRef = BB7DE42525D8716D002D0BAE /* GreenViewController.swift */; };
		BBBE878625D847D200DBA5DB /* AppDelegate.swift in Sources */ = {isa = PBXBuildFile; fileRef = BBBE878525D847D200DBA5DB /* AppDelegate.swift */; };
		BBBE878825D847D200DBA5DB /* SceneDelegate.swift in Sources */ = {isa = PBXBuildFile; fileRef = BBBE878725D847D200DBA5DB /* SceneDelegate.swift */; };
		BBBE878A25D847D200DBA5DB /* ViewController.swift in Sources */ = {isa = PBXBuildFile; fileRef = BBBE878925D847D200DBA5DB /* ViewController.swift */; };
		BBBE878D25D847D200DBA5DB /* Main.storyboard in Resources */ = {isa = PBXBuildFile; fileRef = BBBE878B25D847D200DBA5DB /* Main.storyboard */; };
		BBBE878F25D847D500DBA5DB /* Assets.xcassets in Resources */ = {isa = PBXBuildFile; fileRef = BBBE878E25D847D500DBA5DB /* Assets.xcassets */; };
		BBBE879225D847D500DBA5DB /* LaunchScreen.storyboard in Resources */ = {isa = PBXBuildFile; fileRef = BBBE879025D847D500DBA5DB /* LaunchScreen.storyboard */; };
		BBBE879D25D847D500DBA5DB /* exampleTests.swift in Sources */ = {isa = PBXBuildFile; fileRef = BBBE879C25D847D500DBA5DB /* exampleTests.swift */; };
		BBBE87A825D847D500DBA5DB /* exampleUITests.swift in Sources */ = {isa = PBXBuildFile; fileRef = BBBE87A725D847D500DBA5DB /* exampleUITests.swift */; };
/* End PBXBuildFile section */

/* Begin PBXContainerItemProxy section */
		BBBE879925D847D500DBA5DB /* PBXContainerItemProxy */ = {
			isa = PBXContainerItemProxy;
			containerPortal = BBBE877A25D847D200DBA5DB /* Project object */;
			proxyType = 1;
			remoteGlobalIDString = BBBE878125D847D200DBA5DB;
			remoteInfo = example;
		};
		BBBE87A425D847D500DBA5DB /* PBXContainerItemProxy */ = {
			isa = PBXContainerItemProxy;
			containerPortal = BBBE877A25D847D200DBA5DB /* Project object */;
			proxyType = 1;
			remoteGlobalIDString = BBBE878125D847D200DBA5DB;
			remoteInfo = example;
		};
/* End PBXContainerItemProxy section */

/* Begin PBXFileReference section */
		BB7DE41525D8558E002D0BAE /* SettingsViewController.swift */ = {isa = PBXFileReference; lastKnownFileType = sourcecode.swift; path = SettingsViewController.swift; sourceTree = "<group>"; };
		BB7DE42525D8716D002D0BAE /* GreenViewController.swift */ = {isa = PBXFileReference; lastKnownFileType = sourcecode.swift; path = GreenViewController.swift; sourceTree = "<group>"; };
		BBBE878225D847D200DBA5DB /* example.app */ = {isa = PBXFileReference; explicitFileType = wrapper.application; includeInIndex = 0; path = example.app; sourceTree = BUILT_PRODUCTS_DIR; };
		BBBE878525D847D200DBA5DB /* AppDelegate.swift */ = {isa = PBXFileReference; lastKnownFileType = sourcecode.swift; path = AppDelegate.swift; sourceTree = "<group>"; };
		BBBE878725D847D200DBA5DB /* SceneDelegate.swift */ = {isa = PBXFileReference; lastKnownFileType = sourcecode.swift; path = SceneDelegate.swift; sourceTree = "<group>"; };
		BBBE878925D847D200DBA5DB /* ViewController.swift */ = {isa = PBXFileReference; lastKnownFileType = sourcecode.swift; path = ViewController.swift; sourceTree = "<group>"; };
		BBBE878C25D847D200DBA5DB /* Base */ = {isa = PBXFileReference; lastKnownFileType = file.storyboard; name = Base; path = Base.lproj/Main.storyboard; sourceTree = "<group>"; };
		BBBE878E25D847D500DBA5DB /* Assets.xcassets */ = {isa = PBXFileReference; lastKnownFileType = folder.assetcatalog; path = Assets.xcassets; sourceTree = "<group>"; };
		BBBE879125D847D500DBA5DB /* Base */ = {isa = PBXFileReference; lastKnownFileType = file.storyboard; name = Base; path = Base.lproj/LaunchScreen.storyboard; sourceTree = "<group>"; };
		BBBE879325D847D500DBA5DB /* Info.plist */ = {isa = PBXFileReference; lastKnownFileType = text.plist.xml; path = Info.plist; sourceTree = "<group>"; };
		BBBE879825D847D500DBA5DB /* exampleTests.xctest */ = {isa = PBXFileReference; explicitFileType = wrapper.cfbundle; includeInIndex = 0; path = exampleTests.xctest; sourceTree = BUILT_PRODUCTS_DIR; };
		BBBE879C25D847D500DBA5DB /* exampleTests.swift */ = {isa = PBXFileReference; lastKnownFileType = sourcecode.swift; path = exampleTests.swift; sourceTree = "<group>"; };
		BBBE879E25D847D500DBA5DB /* Info.plist */ = {isa = PBXFileReference; lastKnownFileType = text.plist.xml; path = Info.plist; sourceTree = "<group>"; };
		BBBE87A325D847D500DBA5DB /* exampleUITests.xctest */ = {isa = PBXFileReference; explicitFileType = wrapper.cfbundle; includeInIndex = 0; path = exampleUITests.xctest; sourceTree = BUILT_PRODUCTS_DIR; };
		BBBE87A725D847D500DBA5DB /* exampleUITests.swift */ = {isa = PBXFileReference; lastKnownFileType = sourcecode.swift; path = exampleUITests.swift; sourceTree = "<group>"; };
		BBBE87A925D847D500DBA5DB /* Info.plist */ = {isa = PBXFileReference; lastKnownFileType = text.plist.xml; path = Info.plist; sourceTree = "<group>"; };
/* End PBXFileReference section */

/* Begin PBXFrameworksBuildPhase section */
		BBBE877F25D847D200DBA5DB /* Frameworks */ = {
			isa = PBXFrameworksBuildPhase;
			buildActionMask = 2147483647;
			files = (
			);
			runOnlyForDeploymentPostprocessing = 0;
		};
		BBBE879525D847D500DBA5DB /* Frameworks */ = {
			isa = PBXFrameworksBuildPhase;
			buildActionMask = 2147483647;
			files = (
			);
			runOnlyForDeploymentPostprocessing = 0;
		};
		BBBE87A025D847D500DBA5DB /* Frameworks */ = {
			isa = PBXFrameworksBuildPhase;
			buildActionMask = 2147483647;
			files = (
			);
			runOnlyForDeploymentPostprocessing = 0;
		};
/* End PBXFrameworksBuildPhase section */

/* Begin PBXGroup section */
		BBBE877925D847D200DBA5DB = {
			isa = PBXGroup;
			children = (
				BBBE878425D847D200DBA5DB /* example */,
				BBBE879B25D847D500DBA5DB /* exampleTests */,
				BBBE87A625D847D500DBA5DB /* exampleUITests */,
				BBBE878325D847D200DBA5DB /* Products */,
			);
			sourceTree = "<group>";
		};
		BBBE878325D847D200DBA5DB /* Products */ = {
			isa = PBXGroup;
			children = (
				BBBE878225D847D200DBA5DB /* example.app */,
				BBBE879825D847D500DBA5DB /* exampleTests.xctest */,
				BBBE87A325D847D500DBA5DB /* exampleUITests.xctest */,
			);
			name = Products;
			sourceTree = "<group>";
		};
		BBBE878425D847D200DBA5DB /* example */ = {
			isa = PBXGroup;
			children = (
				BBBE878525D847D200DBA5DB /* AppDelegate.swift */,
				BBBE878725D847D200DBA5DB /* SceneDelegate.swift */,
				BBBE878925D847D200DBA5DB /* ViewController.swift */,
				BBBE878B25D847D200DBA5DB /* Main.storyboard */,
				BBBE878E25D847D500DBA5DB /* Assets.xcassets */,
				BBBE879025D847D500DBA5DB /* LaunchScreen.storyboard */,
				BBBE879325D847D500DBA5DB /* Info.plist */,
				BB7DE41525D8558E002D0BAE /* SettingsViewController.swift */,
				BB7DE42525D8716D002D0BAE /* GreenViewController.swift */,
			);
			path = example;
			sourceTree = "<group>";
		};
		BBBE879B25D847D500DBA5DB /* exampleTests */ = {
			isa = PBXGroup;
			children = (
				BBBE879C25D847D500DBA5DB /* exampleTests.swift */,
				BBBE879E25D847D500DBA5DB /* Info.plist */,
			);
			path = exampleTests;
			sourceTree = "<group>";
		};
		BBBE87A625D847D500DBA5DB /* exampleUITests */ = {
			isa = PBXGroup;
			children = (
				BBBE87A725D847D500DBA5DB /* exampleUITests.swift */,
				BBBE87A925D847D500DBA5DB /* Info.plist */,
			);
			path = exampleUITests;
			sourceTree = "<group>";
		};
/* End PBXGroup section */

/* Begin PBXNativeTarget section */
		BBBE878125D847D200DBA5DB /* example */ = {
			isa = PBXNativeTarget;
			buildConfigurationList = BBBE87AC25D847D500DBA5DB /* Build configuration list for PBXNativeTarget "example" */;
			buildPhases = (
				BBBE877E25D847D200DBA5DB /* Sources */,
				BBBE877F25D847D200DBA5DB /* Frameworks */,
				BBBE878025D847D200DBA5DB /* Resources */,
			);
			buildRules = (
			);
			dependencies = (
			);
			name = example;
			productName = example;
			productReference = BBBE878225D847D200DBA5DB /* example.app */;
			productType = "com.apple.product-type.application";
		};
		BBBE879725D847D500DBA5DB /* exampleTests */ = {
			isa = PBXNativeTarget;
			buildConfigurationList = BBBE87AF25D847D500DBA5DB /* Build configuration list for PBXNativeTarget "exampleTests" */;
			buildPhases = (
				BBBE879425D847D500DBA5DB /* Sources */,
				BBBE879525D847D500DBA5DB /* Frameworks */,
				BBBE879625D847D500DBA5DB /* Resources */,
			);
			buildRules = (
			);
			dependencies = (
				BBBE879A25D847D500DBA5DB /* PBXTargetDependency */,
			);
			name = exampleTests;
			productName = exampleTests;
			productReference = BBBE879825D847D500DBA5DB /* exampleTests.xctest */;
			productType = "com.apple.product-type.bundle.unit-test";
		};
		BBBE87A225D847D500DBA5DB /* exampleUITests */ = {
			isa = PBXNativeTarget;
			buildConfigurationList = BBBE87B225D847D500DBA5DB /* Build configuration list for PBXNativeTarget "exampleUITests" */;
			buildPhases = (
				BBBE879F25D847D500DBA5DB /* Sources */,
				BBBE87A025D847D500DBA5DB /* Frameworks */,
				BBBE87A125D847D500DBA5DB /* Resources */,
			);
			buildRules = (
			);
			dependencies = (
				BBBE87A525D847D500DBA5DB /* PBXTargetDependency */,
			);
			name = exampleUITests;
			productName = exampleUITests;
			productReference = BBBE87A325D847D500DBA5DB /* exampleUITests.xctest */;
			productType = "com.apple.product-type.bundle.ui-testing";
		};
/* End PBXNativeTarget section */

/* Begin PBXProject section */
		BBBE877A25D847D200DBA5DB /* Project object */ = {
			isa = PBXProject;
			attributes = {
				LastSwiftUpdateCheck = 1230;
				LastUpgradeCheck = 1230;
				TargetAttributes = {
					BBBE878125D847D200DBA5DB = {
						CreatedOnToolsVersion = 12.3;
					};
					BBBE879725D847D500DBA5DB = {
						CreatedOnToolsVersion = 12.3;
						TestTargetID = BBBE878125D847D200DBA5DB;
					};
					BBBE87A225D847D500DBA5DB = {
						CreatedOnToolsVersion = 12.3;
						TestTargetID = BBBE878125D847D200DBA5DB;
					};
				};
			};
			buildConfigurationList = BBBE877D25D847D200DBA5DB /* Build configuration list for PBXProject "example" */;
			compatibilityVersion = "Xcode 9.3";
			developmentRegion = en;
			hasScannedForEncodings = 0;
			knownRegions = (
				en,
				Base,
			);
			mainGroup = BBBE877925D847D200DBA5DB;
			productRefGroup = BBBE878325D847D200DBA5DB /* Products */;
			projectDirPath = "";
			projectRoot = "";
			targets = (
				BBBE878125D847D200DBA5DB /* example */,
				BBBE879725D847D500DBA5DB /* exampleTests */,
				BBBE87A225D847D500DBA5DB /* exampleUITests */,
			);
		};
/* End PBXProject section */

/* Begin PBXResourcesBuildPhase section */
		BBBE878025D847D200DBA5DB /* Resources */ = {
			isa = PBXResourcesBuildPhase;
			buildActionMask = 2147483647;
			files = (
				BBBE879225D847D500DBA5DB /* LaunchScreen.storyboard in Resources */,
				BBBE878F25D847D500DBA5DB /* Assets.xcassets in Resources */,
				BBBE878D25D847D200DBA5DB /* Main.storyboard in Resources */,
			);
			runOnlyForDeploymentPostprocessing = 0;
		};
		BBBE879625D847D500DBA5DB /* Resources */ = {
			isa = PBXResourcesBuildPhase;
			buildActionMask = 2147483647;
			files = (
			);
			runOnlyForDeploymentPostprocessing = 0;
		};
		BBBE87A125D847D500DBA5DB /* Resources */ = {
			isa = PBXResourcesBuildPhase;
			buildActionMask = 2147483647;
			files = (
			);
			runOnlyForDeploymentPostprocessing = 0;
		};
/* End PBXResourcesBuildPhase section */

/* Begin PBXSourcesBuildPhase section */
		BBBE877E25D847D200DBA5DB /* Sources */ = {
			isa = PBXSourcesBuildPhase;
			buildActionMask = 2147483647;
			files = (
				BBBE878A25D847D200DBA5DB /* ViewController.swift in Sources */,
				BBBE878625D847D200DBA5DB /* AppDelegate.swift in Sources */,
				BB7DE41625D8558E002D0BAE /* SettingsViewController.swift in Sources */,
				BBBE878825D847D200DBA5DB /* SceneDelegate.swift in Sources */,
				BB7DE42625D8716D002D0BAE /* GreenViewController.swift in Sources */,
			);
			runOnlyForDeploymentPostprocessing = 0;
		};
		BBBE879425D847D500DBA5DB /* Sources */ = {
			isa = PBXSourcesBuildPhase;
			buildActionMask = 2147483647;
			files = (
				BBBE879D25D847D500DBA5DB /* exampleTests.swift in Sources */,
			);
			runOnlyForDeploymentPostprocessing = 0;
		};
		BBBE879F25D847D500DBA5DB /* Sources */ = {
			isa = PBXSourcesBuildPhase;
			buildActionMask = 2147483647;
			files = (
				BBBE87A825D847D500DBA5DB /* exampleUITests.swift in Sources */,
			);
			runOnlyForDeploymentPostprocessing = 0;
		};
/* End PBXSourcesBuildPhase section */

/* Begin PBXTargetDependency section */
		BBBE879A25D847D500DBA5DB /* PBXTargetDependency */ = {
			isa = PBXTargetDependency;
			target = BBBE878125D847D200DBA5DB /* example */;
			targetProxy = BBBE879925D847D500DBA5DB /* PBXContainerItemProxy */;
		};
		BBBE87A525D847D500DBA5DB /* PBXTargetDependency */ = {
			isa = PBXTargetDependency;
			target = BBBE878125D847D200DBA5DB /* example */;
			targetProxy = BBBE87A425D847D500DBA5DB /* PBXContainerItemProxy */;
		};
/* End PBXTargetDependency section */

/* Begin PBXVariantGroup section */
		BBBE878B25D847D200DBA5DB /* Main.storyboard */ = {
			isa = PBXVariantGroup;
			children = (
				BBBE878C25D847D200DBA5DB /* Base */,
			);
			name = Main.storyboard;
			sourceTree = "<group>";
		};
		BBBE879025D847D500DBA5DB /* LaunchScreen.storyboard */ = {
			isa = PBXVariantGroup;
			children = (
				BBBE879125D847D500DBA5DB /* Base */,
			);
			name = LaunchScreen.storyboard;
			sourceTree = "<group>";
		};
/* End PBXVariantGroup section */

/* Begin XCBuildConfiguration section */
		BBBE87AA25D847D500DBA5DB /* Debug */ = {
			isa = XCBuildConfiguration;
			buildSettings = {
				ALWAYS_SEARCH_USER_PATHS = NO;
				CLANG_ANALYZER_NONNULL = YES;
				CLANG_ANALYZER_NUMBER_OBJECT_CONVERSION = YES_AGGRESSIVE;
				CLANG_CXX_LANGUAGE_STANDARD = "gnu++14";
				CLANG_CXX_LIBRARY = "libc++";
				CLANG_ENABLE_MODULES = YES;
				CLANG_ENABLE_OBJC_ARC = YES;
				CLANG_ENABLE_OBJC_WEAK = YES;
				CLANG_WARN_BLOCK_CAPTURE_AUTORELEASING = YES;
				CLANG_WARN_BOOL_CONVERSION = YES;
				CLANG_WARN_COMMA = YES;
				CLANG_WARN_CONSTANT_CONVERSION = YES;
				CLANG_WARN_DEPRECATED_OBJC_IMPLEMENTATIONS = YES;
				CLANG_WARN_DIRECT_OBJC_ISA_USAGE = YES_ERROR;
				CLANG_WARN_DOCUMENTATION_COMMENTS = YES;
				CLANG_WARN_EMPTY_BODY = YES;
				CLANG_WARN_ENUM_CONVERSION = YES;
				CLANG_WARN_INFINITE_RECURSION = YES;
				CLANG_WARN_INT_CONVERSION = YES;
				CLANG_WARN_NON_LITERAL_NULL_CONVERSION = YES;
				CLANG_WARN_OBJC_IMPLICIT_RETAIN_SELF = YES;
				CLANG_WARN_OBJC_LITERAL_CONVERSION = YES;
				CLANG_WARN_OBJC_ROOT_CLASS = YES_ERROR;
				CLANG_WARN_QUOTED_INCLUDE_IN_FRAMEWORK_HEADER = YES;
				CLANG_WARN_RANGE_LOOP_ANALYSIS = YES;
				CLANG_WARN_STRICT_PROTOTYPES = YES;
				CLANG_WARN_SUSPICIOUS_MOVE = YES;
				CLANG_WARN_UNGUARDED_AVAILABILITY = YES_AGGRESSIVE;
				CLANG_WARN_UNREACHABLE_CODE = YES;
				CLANG_WARN__DUPLICATE_METHOD_MATCH = YES;
				COPY_PHASE_STRIP = NO;
				DEBUG_INFORMATION_FORMAT = dwarf;
				ENABLE_STRICT_OBJC_MSGSEND = YES;
				ENABLE_TESTABILITY = YES;
				GCC_C_LANGUAGE_STANDARD = gnu11;
				GCC_DYNAMIC_NO_PIC = NO;
				GCC_NO_COMMON_BLOCKS = YES;
				GCC_OPTIMIZATION_LEVEL = 0;
				GCC_PREPROCESSOR_DEFINITIONS = (
					"DEBUG=1",
					"$(inherited)",
				);
				GCC_WARN_64_TO_32_BIT_CONVERSION = YES;
				GCC_WARN_ABOUT_RETURN_TYPE = YES_ERROR;
				GCC_WARN_UNDECLARED_SELECTOR = YES;
				GCC_WARN_UNINITIALIZED_AUTOS = YES_AGGRESSIVE;
				GCC_WARN_UNUSED_FUNCTION = YES;
				GCC_WARN_UNUSED_VARIABLE = YES;
				IPHONEOS_DEPLOYMENT_TARGET = 14.3;
				MTL_ENABLE_DEBUG_INFO = INCLUDE_SOURCE;
				MTL_FAST_MATH = YES;
				ONLY_ACTIVE_ARCH = YES;
				SDKROOT = iphoneos;
				SWIFT_ACTIVE_COMPILATION_CONDITIONS = DEBUG;
				SWIFT_OPTIMIZATION_LEVEL = "-Onone";
			};
			name = Debug;
		};
		BBBE87AB25D847D500DBA5DB /* Release */ = {
			isa = XCBuildConfiguration;
			buildSettings = {
				ALWAYS_SEARCH_USER_PATHS = NO;
				CLANG_ANALYZER_NONNULL = YES;
				CLANG_ANALYZER_NUMBER_OBJECT_CONVERSION = YES_AGGRESSIVE;
				CLANG_CXX_LANGUAGE_STANDARD = "gnu++14";
				CLANG_CXX_LIBRARY = "libc++";
				CLANG_ENABLE_MODULES = YES;
				CLANG_ENABLE_OBJC_ARC = YES;
				CLANG_ENABLE_OBJC_WEAK = YES;
				CLANG_WARN_BLOCK_CAPTURE_AUTORELEASING = YES;
				CLANG_WARN_BOOL_CONVERSION = YES;
				CLANG_WARN_COMMA = YES;
				CLANG_WARN_CONSTANT_CONVERSION = YES;
				CLANG_WARN_DEPRECATED_OBJC_IMPLEMENTATIONS = YES;
				CLANG_WARN_DIRECT_OBJC_ISA_USAGE = YES_ERROR;
				CLANG_WARN_DOCUMENTATION_COMMENTS = YES;
				CLANG_WARN_EMPTY_BODY = YES;
				CLANG_WARN_ENUM_CONVERSION = YES;
				CLANG_WARN_INFINITE_RECURSION = YES;
				CLANG_WARN_INT_CONVERSION = YES;
				CLANG_WARN_NON_LITERAL_NULL_CONVERSION = YES;
				CLANG_WARN_OBJC_IMPLICIT_RETAIN_SELF = YES;
				CLANG_WARN_OBJC_LITERAL_CONVERSION = YES;
				CLANG_WARN_OBJC_ROOT_CLASS = YES_ERROR;
				CLANG_WARN_QUOTED_INCLUDE_IN_FRAMEWORK_HEADER = YES;
				CLANG_WARN_RANGE_LOOP_ANALYSIS = YES;
				CLANG_WARN_STRICT_PROTOTYPES = YES;
				CLANG_WARN_SUSPICIOUS_MOVE = YES;
				CLANG_WARN_UNGUARDED_AVAILABILITY = YES_AGGRESSIVE;
				CLANG_WARN_UNREACHABLE_CODE = YES;
				CLANG_WARN__DUPLICATE_METHOD_MATCH = YES;
				COPY_PHASE_STRIP = NO;
				DEBUG_INFORMATION_FORMAT = "dwarf-with-dsym";
				ENABLE_NS_ASSERTIONS = NO;
				ENABLE_STRICT_OBJC_MSGSEND = YES;
				GCC_C_LANGUAGE_STANDARD = gnu11;
				GCC_NO_COMMON_BLOCKS = YES;
				GCC_WARN_64_TO_32_BIT_CONVERSION = YES;
				GCC_WARN_ABOUT_RETURN_TYPE = YES_ERROR;
				GCC_WARN_UNDECLARED_SELECTOR = YES;
				GCC_WARN_UNINITIALIZED_AUTOS = YES_AGGRESSIVE;
				GCC_WARN_UNUSED_FUNCTION = YES;
				GCC_WARN_UNUSED_VARIABLE = YES;
				IPHONEOS_DEPLOYMENT_TARGET = 14.3;
				MTL_ENABLE_DEBUG_INFO = NO;
				MTL_FAST_MATH = YES;
				SDKROOT = iphoneos;
				SWIFT_COMPILATION_MODE = wholemodule;
				SWIFT_OPTIMIZATION_LEVEL = "-O";
				VALIDATE_PRODUCT = YES;
			};
			name = Release;
		};
		BBBE87AD25D847D500DBA5DB /* Debug */ = {
			isa = XCBuildConfiguration;
			buildSettings = {
				ASSETCATALOG_COMPILER_APPICON_NAME = AppIcon;
				ASSETCATALOG_COMPILER_GLOBAL_ACCENT_COLOR_NAME = AccentColor;
				CODE_SIGN_STYLE = Automatic;
				DEVELOPMENT_TEAM = 9U2BQ8RU3L;
				INFOPLIST_FILE = example/Info.plist;
				LD_RUNPATH_SEARCH_PATHS = (
					"$(inherited)",
					"@executable_path/Frameworks",
				);
				PRODUCT_BUNDLE_IDENTIFIER = "local-prod.example";
				PRODUCT_NAME = "$(TARGET_NAME)";
				SWIFT_VERSION = 5.0;
				TARGETED_DEVICE_FAMILY = "1,2";
			};
			name = Debug;
		};
		BBBE87AE25D847D500DBA5DB /* Release */ = {
			isa = XCBuildConfiguration;
			buildSettings = {
				ASSETCATALOG_COMPILER_APPICON_NAME = AppIcon;
				ASSETCATALOG_COMPILER_GLOBAL_ACCENT_COLOR_NAME = AccentColor;
				CODE_SIGN_STYLE = Automatic;
				DEVELOPMENT_TEAM = 9U2BQ8RU3L;
				INFOPLIST_FILE = example/Info.plist;
				LD_RUNPATH_SEARCH_PATHS = (
					"$(inherited)",
					"@executable_path/Frameworks",
				);
				PRODUCT_BUNDLE_IDENTIFIER = "local-prod.example";
				PRODUCT_NAME = "$(TARGET_NAME)";
				SWIFT_VERSION = 5.0;
				TARGETED_DEVICE_FAMILY = "1,2";
			};
			name = Release;
		};
		BBBE87B025D847D500DBA5DB /* Debug */ = {
			isa = XCBuildConfiguration;
			buildSettings = {
				ALWAYS_EMBED_SWIFT_STANDARD_LIBRARIES = YES;
				BUNDLE_LOADER = "$(TEST_HOST)";
				CODE_SIGN_STYLE = Automatic;
				DEVELOPMENT_TEAM = 9U2BQ8RU3L;
				INFOPLIST_FILE = exampleTests/Info.plist;
				IPHONEOS_DEPLOYMENT_TARGET = 14.3;
				LD_RUNPATH_SEARCH_PATHS = (
					"$(inherited)",
					"@executable_path/Frameworks",
					"@loader_path/Frameworks",
				);
				PRODUCT_BUNDLE_IDENTIFIER = "local-prod.exampleTests";
				PRODUCT_NAME = "$(TARGET_NAME)";
				SWIFT_VERSION = 5.0;
				TARGETED_DEVICE_FAMILY = "1,2";
				TEST_HOST = "$(BUILT_PRODUCTS_DIR)/example.app/example";
			};
			name = Debug;
		};
		BBBE87B125D847D500DBA5DB /* Release */ = {
			isa = XCBuildConfiguration;
			buildSettings = {
				ALWAYS_EMBED_SWIFT_STANDARD_LIBRARIES = YES;
				BUNDLE_LOADER = "$(TEST_HOST)";
				CODE_SIGN_STYLE = Automatic;
				DEVELOPMENT_TEAM = 9U2BQ8RU3L;
				INFOPLIST_FILE = exampleTests/Info.plist;
				IPHONEOS_DEPLOYMENT_TARGET = 14.3;
				LD_RUNPATH_SEARCH_PATHS = (
					"$(inherited)",
					"@executable_path/Frameworks",
					"@loader_path/Frameworks",
				);
				PRODUCT_BUNDLE_IDENTIFIER = "local-prod.exampleTests";
				PRODUCT_NAME = "$(TARGET_NAME)";
				SWIFT_VERSION = 5.0;
				TARGETED_DEVICE_FAMILY = "1,2";
				TEST_HOST = "$(BUILT_PRODUCTS_DIR)/example.app/example";
			};
			name = Release;
		};
		BBBE87B325D847D500DBA5DB /* Debug */ = {
			isa = XCBuildConfiguration;
			buildSettings = {
				ALWAYS_EMBED_SWIFT_STANDARD_LIBRARIES = YES;
				CODE_SIGN_STYLE = Automatic;
				DEVELOPMENT_TEAM = 9U2BQ8RU3L;
				INFOPLIST_FILE = exampleUITests/Info.plist;
				LD_RUNPATH_SEARCH_PATHS = (
					"$(inherited)",
					"@executable_path/Frameworks",
					"@loader_path/Frameworks",
				);
				PRODUCT_BUNDLE_IDENTIFIER = "local-prod.exampleUITests";
				PRODUCT_NAME = "$(TARGET_NAME)";
				SWIFT_VERSION = 5.0;
				TARGETED_DEVICE_FAMILY = "1,2";
				TEST_TARGET_NAME = example;
			};
			name = Debug;
		};
		BBBE87B425D847D500DBA5DB /* Release */ = {
			isa = XCBuildConfiguration;
			buildSettings = {
				ALWAYS_EMBED_SWIFT_STANDARD_LIBRARIES = YES;
				CODE_SIGN_STYLE = Automatic;
				DEVELOPMENT_TEAM = 9U2BQ8RU3L;
				INFOPLIST_FILE = exampleUITests/Info.plist;
				LD_RUNPATH_SEARCH_PATHS = (
					"$(inherited)",
					"@executable_path/Frameworks",
					"@loader_path/Frameworks",
				);
				PRODUCT_BUNDLE_IDENTIFIER = "local-prod.exampleUITests";
				PRODUCT_NAME = "$(TARGET_NAME)";
				SWIFT_VERSION = 5.0;
				TARGETED_DEVICE_FAMILY = "1,2";
				TEST_TARGET_NAME = example;
			};
			name = Release;
		};
/* End XCBuildConfiguration section */

/* Begin XCConfigurationList section */
		BBBE877D25D847D200DBA5DB /* Build configuration list for PBXProject "example" */ = {
			isa = XCConfigurationList;
			buildConfigurations = (
				BBBE87AA25D847D500DBA5DB /* Debug */,
				BBBE87AB25D847D500DBA5DB /* Release */,
			);
			defaultConfigurationIsVisible = 0;
			defaultConfigurationName = Release;
		};
		BBBE87AC25D847D500DBA5DB /* Build configuration list for PBXNativeTarget "example" */ = {
			isa = XCConfigurationList;
			buildConfigurations = (
				BBBE87AD25D847D500DBA5DB /* Debug */,
				BBBE87AE25D847D500DBA5DB /* Release */,
			);
			defaultConfigurationIsVisible = 0;
			defaultConfigurationName = Release;
		};
		BBBE87AF25D847D500DBA5DB /* Build configuration list for PBXNativeTarget "exampleTests" */ = {
			isa = XCConfigurationList;
			buildConfigurations = (
				BBBE87B025D847D500DBA5DB /* Debug */,
				BBBE87B125D847D500DBA5DB /* Release */,
			);
			defaultConfigurationIsVisible = 0;
			defaultConfigurationName = Release;
		};
		BBBE87B225D847D500DBA5DB /* Build configuration list for PBXNativeTarget "exampleUITests" */ = {
			isa = XCConfigurationList;
			buildConfigurations = (
				BBBE87B325D847D500DBA5DB /* Debug */,
				BBBE87B425D847D500DBA5DB /* Release */,
			);
			defaultConfigurationIsVisible = 0;
			defaultConfigurationName = Release;
		};
/* End XCConfigurationList section */
	};
	rootObject = BBBE877A25D847D200DBA5DB /* Project object */;
}
