// !$*UTF8*$!
{
	archiveVersion = 1;
	classes = {
	};
	objectVersion = 50;
	objects = {

/* Begin PBXBuildFile section */
		BBB53AA026395EFE00FE0B2D /* AppDelegate.swift in Sources */ = {isa = PBXBuildFile; fileRef = BBB53A9F26395EFE00FE0B2D /* AppDelegate.swift */; };
		BBB53AA226395EFE00FE0B2D /* SceneDelegate.swift in Sources */ = {isa = PBXBuildFile; fileRef = BBB53AA126395EFE00FE0B2D /* SceneDelegate.swift */; };
		BBB53AA426395EFE00FE0B2D /* WeatherViewController.swift in Sources */ = {isa = PBXBuildFile; fileRef = BBB53AA326395EFE00FE0B2D /* WeatherViewController.swift */; };
		BBB53AA726395EFE00FE0B2D /* Main.storyboard in Resources */ = {isa = PBXBuildFile; fileRef = BBB53AA526395EFE00FE0B2D /* Main.storyboard */; };
		BBB53AA926395EFF00FE0B2D /* Assets.xcassets in Resources */ = {isa = PBXBuildFile; fileRef = BBB53AA826395EFF00FE0B2D /* Assets.xcassets */; };
		BBB53AAC26395EFF00FE0B2D /* LaunchScreen.storyboard in Resources */ = {isa = PBXBuildFile; fileRef = BBB53AAA26395EFF00FE0B2D /* LaunchScreen.storyboard */; };
		BBB53ACC263998C800FE0B2D /* WeatherManager.swift in Sources */ = {isa = PBXBuildFile; fileRef = BBB53ACB263998C800FE0B2D /* WeatherManager.swift */; };
		BBB53ACF2639AF3600FE0B2D /* WeatherData.swift in Sources */ = {isa = PBXBuildFile; fileRef = BBB53ACE2639AF3600FE0B2D /* WeatherData.swift */; };
		BBB53AD22639C0E100FE0B2D /* WeatherModel.swift in Sources */ = {isa = PBXBuildFile; fileRef = BBB53AD12639C0E100FE0B2D /* WeatherModel.swift */; };
/* End PBXBuildFile section */

/* Begin PBXFileReference section */
		BBB53A9C26395EFE00FE0B2D /* Clima.app */ = {isa = PBXFileReference; explicitFileType = wrapper.application; includeInIndex = 0; path = Clima.app; sourceTree = BUILT_PRODUCTS_DIR; };
		BBB53A9F26395EFE00FE0B2D /* AppDelegate.swift */ = {isa = PBXFileReference; lastKnownFileType = sourcecode.swift; path = AppDelegate.swift; sourceTree = "<group>"; };
		BBB53AA126395EFE00FE0B2D /* SceneDelegate.swift */ = {isa = PBXFileReference; lastKnownFileType = sourcecode.swift; path = SceneDelegate.swift; sourceTree = "<group>"; };
		BBB53AA326395EFE00FE0B2D /* WeatherViewController.swift */ = {isa = PBXFileReference; lastKnownFileType = sourcecode.swift; path = WeatherViewController.swift; sourceTree = "<group>"; };
		BBB53AA626395EFE00FE0B2D /* Base */ = {isa = PBXFileReference; lastKnownFileType = file.storyboard; name = Base; path = Base.lproj/Main.storyboard; sourceTree = "<group>"; };
		BBB53AA826395EFF00FE0B2D /* Assets.xcassets */ = {isa = PBXFileReference; lastKnownFileType = folder.assetcatalog; path = Assets.xcassets; sourceTree = "<group>"; };
		BBB53AAB26395EFF00FE0B2D /* Base */ = {isa = PBXFileReference; lastKnownFileType = file.storyboard; name = Base; path = Base.lproj/LaunchScreen.storyboard; sourceTree = "<group>"; };
		BBB53AAD26395EFF00FE0B2D /* Info.plist */ = {isa = PBXFileReference; lastKnownFileType = text.plist.xml; path = Info.plist; sourceTree = "<group>"; };
		BBB53ACB263998C800FE0B2D /* WeatherManager.swift */ = {isa = PBXFileReference; lastKnownFileType = sourcecode.swift; path = WeatherManager.swift; sourceTree = "<group>"; };
		BBB53ACE2639AF3600FE0B2D /* WeatherData.swift */ = {isa = PBXFileReference; lastKnownFileType = sourcecode.swift; path = WeatherData.swift; sourceTree = "<group>"; };
		BBB53AD12639C0E100FE0B2D /* WeatherModel.swift */ = {isa = PBXFileReference; lastKnownFileType = sourcecode.swift; path = WeatherModel.swift; sourceTree = "<group>"; };
/* End PBXFileReference section */

/* Begin PBXFrameworksBuildPhase section */
		BBB53A9926395EFE00FE0B2D /* Frameworks */ = {
			isa = PBXFrameworksBuildPhase;
			buildActionMask = 2147483647;
			files = (
			);
			runOnlyForDeploymentPostprocessing = 0;
		};
/* End PBXFrameworksBuildPhase section */

/* Begin PBXGroup section */
		BBB53A9326395EFE00FE0B2D = {
			isa = PBXGroup;
			children = (
				BBB53A9E26395EFE00FE0B2D /* Clima */,
				BBB53A9D26395EFE00FE0B2D /* Products */,
			);
			sourceTree = "<group>";
		};
		BBB53A9D26395EFE00FE0B2D /* Products */ = {
			isa = PBXGroup;
			children = (
				BBB53A9C26395EFE00FE0B2D /* Clima.app */,
			);
			name = Products;
			sourceTree = "<group>";
		};
		BBB53A9E26395EFE00FE0B2D /* Clima */ = {
			isa = PBXGroup;
			children = (
				BBB53A9F26395EFE00FE0B2D /* AppDelegate.swift */,
				BBB53AA126395EFE00FE0B2D /* SceneDelegate.swift */,
				BBB53AB826395F5E00FE0B2D /* Model */,
				BBB53AB726395F5800FE0B2D /* View */,
				BBB53AB426395F4D00FE0B2D /* Controller */,
				BBB53AA826395EFF00FE0B2D /* Assets.xcassets */,
				BBB53AAA26395EFF00FE0B2D /* LaunchScreen.storyboard */,
				BBB53AAD26395EFF00FE0B2D /* Info.plist */,
			);
			path = Clima;
			sourceTree = "<group>";
		};
		BBB53AB426395F4D00FE0B2D /* Controller */ = {
			isa = PBXGroup;
			children = (
				BBB53ACB263998C800FE0B2D /* WeatherManager.swift */,
				BBB53AA326395EFE00FE0B2D /* WeatherViewController.swift */,
			);
			path = Controller;
			sourceTree = "<group>";
		};
		BBB53AB726395F5800FE0B2D /* View */ = {
			isa = PBXGroup;
			children = (
				BBB53AA526395EFE00FE0B2D /* Main.storyboard */,
			);
			path = View;
			sourceTree = "<group>";
		};
		BBB53AB826395F5E00FE0B2D /* Model */ = {
			isa = PBXGroup;
			children = (
				BBB53ACE2639AF3600FE0B2D /* WeatherData.swift */,
				BBB53AD12639C0E100FE0B2D /* WeatherModel.swift */,
			);
			path = Model;
			sourceTree = "<group>";
		};
/* End PBXGroup section */

/* Begin PBXNativeTarget section */
		BBB53A9B26395EFE00FE0B2D /* Clima */ = {
			isa = PBXNativeTarget;
			buildConfigurationList = BBB53AB026395EFF00FE0B2D /* Build configuration list for PBXNativeTarget "Clima" */;
			buildPhases = (
				BBB53A9826395EFE00FE0B2D /* Sources */,
				BBB53A9926395EFE00FE0B2D /* Frameworks */,
				BBB53A9A26395EFE00FE0B2D /* Resources */,
			);
			buildRules = (
			);
			dependencies = (
			);
			name = Clima;
			productName = Clima;
			productReference = BBB53A9C26395EFE00FE0B2D /* Clima.app */;
			productType = "com.apple.product-type.application";
		};
/* End PBXNativeTarget section */

/* Begin PBXProject section */
		BBB53A9426395EFE00FE0B2D /* Project object */ = {
			isa = PBXProject;
			attributes = {
				LastSwiftUpdateCheck = 1230;
				LastUpgradeCheck = 1230;
				TargetAttributes = {
					BBB53A9B26395EFE00FE0B2D = {
						CreatedOnToolsVersion = 12.3;
					};
				};
			};
			buildConfigurationList = BBB53A9726395EFE00FE0B2D /* Build configuration list for PBXProject "Clima" */;
			compatibilityVersion = "Xcode 9.3";
			developmentRegion = en;
			hasScannedForEncodings = 0;
			knownRegions = (
				en,
				Base,
			);
			mainGroup = BBB53A9326395EFE00FE0B2D;
			productRefGroup = BBB53A9D26395EFE00FE0B2D /* Products */;
			projectDirPath = "";
			projectRoot = "";
			targets = (
				BBB53A9B26395EFE00FE0B2D /* Clima */,
			);
		};
/* End PBXProject section */

/* Begin PBXResourcesBuildPhase section */
		BBB53A9A26395EFE00FE0B2D /* Resources */ = {
			isa = PBXResourcesBuildPhase;
			buildActionMask = 2147483647;
			files = (
				BBB53AAC26395EFF00FE0B2D /* LaunchScreen.storyboard in Resources */,
				BBB53AA926395EFF00FE0B2D /* Assets.xcassets in Resources */,
				BBB53AA726395EFE00FE0B2D /* Main.storyboard in Resources */,
			);
			runOnlyForDeploymentPostprocessing = 0;
		};
/* End PBXResourcesBuildPhase section */

/* Begin PBXSourcesBuildPhase section */
		BBB53A9826395EFE00FE0B2D /* Sources */ = {
			isa = PBXSourcesBuildPhase;
			buildActionMask = 2147483647;
			files = (
				BBB53AA426395EFE00FE0B2D /* WeatherViewController.swift in Sources */,
				BBB53ACF2639AF3600FE0B2D /* WeatherData.swift in Sources */,
				BBB53AA026395EFE00FE0B2D /* AppDelegate.swift in Sources */,
				BBB53ACC263998C800FE0B2D /* WeatherManager.swift in Sources */,
				BBB53AD22639C0E100FE0B2D /* WeatherModel.swift in Sources */,
				BBB53AA226395EFE00FE0B2D /* SceneDelegate.swift in Sources */,
			);
			runOnlyForDeploymentPostprocessing = 0;
		};
/* End PBXSourcesBuildPhase section */

/* Begin PBXVariantGroup section */
		BBB53AA526395EFE00FE0B2D /* Main.storyboard */ = {
			isa = PBXVariantGroup;
			children = (
				BBB53AA626395EFE00FE0B2D /* Base */,
			);
			name = Main.storyboard;
			sourceTree = "<group>";
		};
		BBB53AAA26395EFF00FE0B2D /* LaunchScreen.storyboard */ = {
			isa = PBXVariantGroup;
			children = (
				BBB53AAB26395EFF00FE0B2D /* Base */,
			);
			name = LaunchScreen.storyboard;
			sourceTree = "<group>";
		};
/* End PBXVariantGroup section */

/* Begin XCBuildConfiguration section */
		BBB53AAE26395EFF00FE0B2D /* Debug */ = {
			isa = XCBuildConfiguration;
			buildSettings = {
				ALWAYS_SEARCH_USER_PATHS = NO;
				CLANG_ANALYZER_NONNULL = YES;
				CLANG_ANALYZER_NUMBER_OBJECT_CONVERSION = YES_AGGRESSIVE;
				CLANG_CXX_LANGUAGE_STANDARD = "gnu++14";
				CLANG_CXX_LIBRARY = "libc++";
				CLANG_ENABLE_MODULES = YES;
				CLANG_ENABLE_OBJC_ARC = YES;
				CLANG_ENABLE_OBJC_WEAK = YES;
				CLANG_WARN_BLOCK_CAPTURE_AUTORELEASING = YES;
				CLANG_WARN_BOOL_CONVERSION = YES;
				CLANG_WARN_COMMA = YES;
				CLANG_WARN_CONSTANT_CONVERSION = YES;
				CLANG_WARN_DEPRECATED_OBJC_IMPLEMENTATIONS = YES;
				CLANG_WARN_DIRECT_OBJC_ISA_USAGE = YES_ERROR;
				CLANG_WARN_DOCUMENTATION_COMMENTS = YES;
				CLANG_WARN_EMPTY_BODY = YES;
				CLANG_WARN_ENUM_CONVERSION = YES;
				CLANG_WARN_INFINITE_RECURSION = YES;
				CLANG_WARN_INT_CONVERSION = YES;
				CLANG_WARN_NON_LITERAL_NULL_CONVERSION = YES;
				CLANG_WARN_OBJC_IMPLICIT_RETAIN_SELF = YES;
				CLANG_WARN_OBJC_LITERAL_CONVERSION = YES;
				CLANG_WARN_OBJC_ROOT_CLASS = YES_ERROR;
				CLANG_WARN_QUOTED_INCLUDE_IN_FRAMEWORK_HEADER = YES;
				CLANG_WARN_RANGE_LOOP_ANALYSIS = YES;
				CLANG_WARN_STRICT_PROTOTYPES = YES;
				CLANG_WARN_SUSPICIOUS_MOVE = YES;
				CLANG_WARN_UNGUARDED_AVAILABILITY = YES_AGGRESSIVE;
				CLANG_WARN_UNREACHABLE_CODE = YES;
				CLANG_WARN__DUPLICATE_METHOD_MATCH = YES;
				COPY_PHASE_STRIP = NO;
				DEBUG_INFORMATION_FORMAT = dwarf;
				ENABLE_STRICT_OBJC_MSGSEND = YES;
				ENABLE_TESTABILITY = YES;
				GCC_C_LANGUAGE_STANDARD = gnu11;
				GCC_DYNAMIC_NO_PIC = NO;
				GCC_NO_COMMON_BLOCKS = YES;
				GCC_OPTIMIZATION_LEVEL = 0;
				GCC_PREPROCESSOR_DEFINITIONS = (
					"DEBUG=1",
					"$(inherited)",
				);
				GCC_WARN_64_TO_32_BIT_CONVERSION = YES;
				GCC_WARN_ABOUT_RETURN_TYPE = YES_ERROR;
				GCC_WARN_UNDECLARED_SELECTOR = YES;
				GCC_WARN_UNINITIALIZED_AUTOS = YES_AGGRESSIVE;
				GCC_WARN_UNUSED_FUNCTION = YES;
				GCC_WARN_UNUSED_VARIABLE = YES;
				IPHONEOS_DEPLOYMENT_TARGET = 14.3;
				MTL_ENABLE_DEBUG_INFO = INCLUDE_SOURCE;
				MTL_FAST_MATH = YES;
				ONLY_ACTIVE_ARCH = YES;
				SDKROOT = iphoneos;
				SWIFT_ACTIVE_COMPILATION_CONDITIONS = DEBUG;
				SWIFT_OPTIMIZATION_LEVEL = "-Onone";
			};
			name = Debug;
		};
		BBB53AAF26395EFF00FE0B2D /* Release */ = {
			isa = XCBuildConfiguration;
			buildSettings = {
				ALWAYS_SEARCH_USER_PATHS = NO;
				CLANG_ANALYZER_NONNULL = YES;
				CLANG_ANALYZER_NUMBER_OBJECT_CONVERSION = YES_AGGRESSIVE;
				CLANG_CXX_LANGUAGE_STANDARD = "gnu++14";
				CLANG_CXX_LIBRARY = "libc++";
				CLANG_ENABLE_MODULES = YES;
				CLANG_ENABLE_OBJC_ARC = YES;
				CLANG_ENABLE_OBJC_WEAK = YES;
				CLANG_WARN_BLOCK_CAPTURE_AUTORELEASING = YES;
				CLANG_WARN_BOOL_CONVERSION = YES;
				CLANG_WARN_COMMA = YES;
				CLANG_WARN_CONSTANT_CONVERSION = YES;
				CLANG_WARN_DEPRECATED_OBJC_IMPLEMENTATIONS = YES;
				CLANG_WARN_DIRECT_OBJC_ISA_USAGE = YES_ERROR;
				CLANG_WARN_DOCUMENTATION_COMMENTS = YES;
				CLANG_WARN_EMPTY_BODY = YES;
				CLANG_WARN_ENUM_CONVERSION = YES;
				CLANG_WARN_INFINITE_RECURSION = YES;
				CLANG_WARN_INT_CONVERSION = YES;
				CLANG_WARN_NON_LITERAL_NULL_CONVERSION = YES;
				CLANG_WARN_OBJC_IMPLICIT_RETAIN_SELF = YES;
				CLANG_WARN_OBJC_LITERAL_CONVERSION = YES;
				CLANG_WARN_OBJC_ROOT_CLASS = YES_ERROR;
				CLANG_WARN_QUOTED_INCLUDE_IN_FRAMEWORK_HEADER = YES;
				CLANG_WARN_RANGE_LOOP_ANALYSIS = YES;
				CLANG_WARN_STRICT_PROTOTYPES = YES;
				CLANG_WARN_SUSPICIOUS_MOVE = YES;
				CLANG_WARN_UNGUARDED_AVAILABILITY = YES_AGGRESSIVE;
				CLANG_WARN_UNREACHABLE_CODE = YES;
				CLANG_WARN__DUPLICATE_METHOD_MATCH = YES;
				COPY_PHASE_STRIP = NO;
				DEBUG_INFORMATION_FORMAT = "dwarf-with-dsym";
				ENABLE_NS_ASSERTIONS = NO;
				ENABLE_STRICT_OBJC_MSGSEND = YES;
				GCC_C_LANGUAGE_STANDARD = gnu11;
				GCC_NO_COMMON_BLOCKS = YES;
				GCC_WARN_64_TO_32_BIT_CONVERSION = YES;
				GCC_WARN_ABOUT_RETURN_TYPE = YES_ERROR;
				GCC_WARN_UNDECLARED_SELECTOR = YES;
				GCC_WARN_UNINITIALIZED_AUTOS = YES_AGGRESSIVE;
				GCC_WARN_UNUSED_FUNCTION = YES;
				GCC_WARN_UNUSED_VARIABLE = YES;
				IPHONEOS_DEPLOYMENT_TARGET = 14.3;
				MTL_ENABLE_DEBUG_INFO = NO;
				MTL_FAST_MATH = YES;
				SDKROOT = iphoneos;
				SWIFT_COMPILATION_MODE = wholemodule;
				SWIFT_OPTIMIZATION_LEVEL = "-O";
				VALIDATE_PRODUCT = YES;
			};
			name = Release;
		};
		BBB53AB126395EFF00FE0B2D /* Debug */ = {
			isa = XCBuildConfiguration;
			buildSettings = {
				ASSETCATALOG_COMPILER_APPICON_NAME = AppIcon;
				ASSETCATALOG_COMPILER_GLOBAL_ACCENT_COLOR_NAME = AccentColor;
				CODE_SIGN_STYLE = Automatic;
				DEVELOPMENT_TEAM = 9U2BQ8RU3L;
				INFOPLIST_FILE = Clima/Info.plist;
				LD_RUNPATH_SEARCH_PATHS = (
					"$(inherited)",
					"@executable_path/Frameworks",
				);
				PRODUCT_BUNDLE_IDENTIFIER = ilgamfa.Clima;
				PRODUCT_NAME = "$(TARGET_NAME)";
				SWIFT_VERSION = 5.0;
				TARGETED_DEVICE_FAMILY = 1;
			};
			name = Debug;
		};
		BBB53AB226395EFF00FE0B2D /* Release */ = {
			isa = XCBuildConfiguration;
			buildSettings = {
				ASSETCATALOG_COMPILER_APPICON_NAME = AppIcon;
				ASSETCATALOG_COMPILER_GLOBAL_ACCENT_COLOR_NAME = AccentColor;
				CODE_SIGN_STYLE = Automatic;
				DEVELOPMENT_TEAM = 9U2BQ8RU3L;
				INFOPLIST_FILE = Clima/Info.plist;
				LD_RUNPATH_SEARCH_PATHS = (
					"$(inherited)",
					"@executable_path/Frameworks",
				);
				PRODUCT_BUNDLE_IDENTIFIER = ilgamfa.Clima;
				PRODUCT_NAME = "$(TARGET_NAME)";
				SWIFT_VERSION = 5.0;
				TARGETED_DEVICE_FAMILY = 1;
			};
			name = Release;
		};
/* End XCBuildConfiguration section */

/* Begin XCConfigurationList section */
		BBB53A9726395EFE00FE0B2D /* Build configuration list for PBXProject "Clima" */ = {
			isa = XCConfigurationList;
			buildConfigurations = (
				BBB53AAE26395EFF00FE0B2D /* Debug */,
				BBB53AAF26395EFF00FE0B2D /* Release */,
			);
			defaultConfigurationIsVisible = 0;
			defaultConfigurationName = Release;
		};
		BBB53AB026395EFF00FE0B2D /* Build configuration list for PBXNativeTarget "Clima" */ = {
			isa = XCConfigurationList;
			buildConfigurations = (
				BBB53AB126395EFF00FE0B2D /* Debug */,
				BBB53AB226395EFF00FE0B2D /* Release */,
			);
			defaultConfigurationIsVisible = 0;
			defaultConfigurationName = Release;
		};
/* End XCConfigurationList section */
	};
	rootObject = BBB53A9426395EFE00FE0B2D /* Project object */;
}
